
Microsoft Visual Studio Solution File, Format Version 12.00
# Visual Studio Version 17
VisualStudioVersion = 17.12.35506.116 d17.12
MinimumVisualStudioVersion = 10.0.40219.1
Project("{FAE04EC0-301F-11D3-BF4B-00C04F79EFBC}") = "YangSpaceApp.Server", "YangSpaceApp.Server\YangSpaceApp.Server.csproj", "{EA8421FA-E055-4A75-98B8-43F73C4E744B}"
EndProject
Project("{54A90642-561A-4BB1-A94E-469ADEE60C69}") = "yangspaceapp.client", "yangspaceapp.client\yangspaceapp.client.esproj", "{5AC6023A-574D-48BE-8331-1F596E37ED08}"
EndProject
Global
	GlobalSection(SolutionConfigurationPlatforms) = preSolution
		Debug|Any CPU = Debug|Any CPU
		Release|Any CPU = Release|Any CPU
	EndGlobalSection
	GlobalSection(ProjectConfigurationPlatforms) = postSolution
		{EA8421FA-E055-4A75-98B8-43F73C4E744B}.Debug|Any CPU.ActiveCfg = Debug|Any CPU
		{EA8421FA-E055-4A75-98B8-43F73C4E744B}.Debug|Any CPU.Build.0 = Debug|Any CPU
		{EA8421FA-E055-4A75-98B8-43F73C4E744B}.Release|Any CPU.ActiveCfg = Release|Any CPU
		{EA8421FA-E055-4A75-98B8-43F73C4E744B}.Release|Any CPU.Build.0 = Release|Any CPU
		{5AC6023A-574D-48BE-8331-1F596E37ED08}.Debug|Any CPU.ActiveCfg = Debug|Any CPU
		{5AC6023A-574D-48BE-8331-1F596E37ED08}.Debug|Any CPU.Build.0 = Debug|Any CPU
		{5AC6023A-574D-48BE-8331-1F596E37ED08}.Debug|Any CPU.Deploy.0 = Debug|Any CPU
		{5AC6023A-574D-48BE-8331-1F596E37ED08}.Release|Any CPU.ActiveCfg = Release|Any CPU
		{5AC6023A-574D-48BE-8331-1F596E37ED08}.Release|Any CPU.Build.0 = Release|Any CPU
		{5AC6023A-574D-48BE-8331-1F596E37ED08}.Release|Any CPU.Deploy.0 = Release|Any CPU
	EndGlobalSection
	GlobalSection(SolutionProperties) = preSolution
		HideSolutionNode = FALSE
	EndGlobalSection
EndGlobal
